
Microsoft Visual Studio Solution File, Format Version 12.00
# Visual Studio Version 17
VisualStudioVersion = 17.0.31903.59
MinimumVisualStudioVersion = 10.0.40219.1
Project("{FAE04EC0-301F-11D3-BF4B-00C04F79EFBC}") = "Presentation", "Presentation\Presentation.csproj", "{5C49506B-E8A2-4CA7-9555-DA831F5E37C2}"
EndProject
Project("{FAE04EC0-301F-11D3-BF4B-00C04F79EFBC}") = "Application", "Application\Application.csproj", "{E08E141F-B8F5-4499-966D-AA04E314FB79}"
EndProject
Project("{FAE04EC0-301F-11D3-BF4B-00C04F79EFBC}") = "Domain", "Domain\Domain.csproj", "{92EBBB90-048E-44CF-B275-E6390564FE64}"
EndProject
Project("{FAE04EC0-301F-11D3-BF4B-00C04F79EFBC}") = "Infrastructure", "Infrastructure\Infrastructure.csproj", "{FCEC2346-16D7-47FB-B0FD-AB2DA36D712E}"
EndProject
Global
	GlobalSection(SolutionConfigurationPlatforms) = preSolution
		Debug|Any CPU = Debug|Any CPU
		Release|Any CPU = Release|Any CPU
	EndGlobalSection
	GlobalSection(SolutionProperties) = preSolution
		HideSolutionNode = FALSE
	EndGlobalSection
	GlobalSection(ProjectConfigurationPlatforms) = postSolution
		{5C49506B-E8A2-4CA7-9555-DA831F5E37C2}.Debug|Any CPU.ActiveCfg = Debug|Any CPU
		{5C49506B-E8A2-4CA7-9555-DA831F5E37C2}.Debug|Any CPU.Build.0 = Debug|Any CPU
		{5C49506B-E8A2-4CA7-9555-DA831F5E37C2}.Release|Any CPU.ActiveCfg = Release|Any CPU
		{5C49506B-E8A2-4CA7-9555-DA831F5E37C2}.Release|Any CPU.Build.0 = Release|Any CPU
		{E08E141F-B8F5-4499-966D-AA04E314FB79}.Debug|Any CPU.ActiveCfg = Debug|Any CPU
		{E08E141F-B8F5-4499-966D-AA04E314FB79}.Debug|Any CPU.Build.0 = Debug|Any CPU
		{E08E141F-B8F5-4499-966D-AA04E314FB79}.Release|Any CPU.ActiveCfg = Release|Any CPU
		{E08E141F-B8F5-4499-966D-AA04E314FB79}.Release|Any CPU.Build.0 = Release|Any CPU
		{92EBBB90-048E-44CF-B275-E6390564FE64}.Debug|Any CPU.ActiveCfg = Debug|Any CPU
		{92EBBB90-048E-44CF-B275-E6390564FE64}.Debug|Any CPU.Build.0 = Debug|Any CPU
		{92EBBB90-048E-44CF-B275-E6390564FE64}.Release|Any CPU.ActiveCfg = Release|Any CPU
		{92EBBB90-048E-44CF-B275-E6390564FE64}.Release|Any CPU.Build.0 = Release|Any CPU
		{FCEC2346-16D7-47FB-B0FD-AB2DA36D712E}.Debug|Any CPU.ActiveCfg = Debug|Any CPU
		{FCEC2346-16D7-47FB-B0FD-AB2DA36D712E}.Debug|Any CPU.Build.0 = Debug|Any CPU
		{FCEC2346-16D7-47FB-B0FD-AB2DA36D712E}.Release|Any CPU.ActiveCfg = Release|Any CPU
		{FCEC2346-16D7-47FB-B0FD-AB2DA36D712E}.Release|Any CPU.Build.0 = Release|Any CPU
	EndGlobalSection
EndGlobal
