
Microsoft Visual Studio Solution File, Format Version 12.00
# Visual Studio Version 17
VisualStudioVersion = 17.0.31903.59
MinimumVisualStudioVersion = 10.0.40219.1
Project("{FAE04EC0-301F-11D3-BF4B-00C04F79EFBC}") = "Presentation", "Presentation\Presentation.csproj", "{5C49506B-E8A2-4CA7-9555-DA831F5E37C2}"
EndProject
Project("{FAE04EC0-301F-11D3-BF4B-00C04F79EFBC}") = "Infrastructure", "Infrastructure\Infrastructure.csproj", "{908B02DC-CC07-430E-8701-93E27FC8CC9F}"
EndProject
Project("{FAE04EC0-301F-11D3-BF4B-00C04F79EFBC}") = "Domain", "Domain\Domain.csproj", "{86388689-3BBD-4D5F-9629-81BE1B1B8DF7}"
EndProject
Project("{FAE04EC0-301F-11D3-BF4B-00C04F79EFBC}") = "Application", "Application\Application.csproj", "{642BADDD-1D6D-4242-B328-BDF5976BFC91}"
EndProject
Global
	GlobalSection(SolutionConfigurationPlatforms) = preSolution
		Debug|Any CPU = Debug|Any CPU
		Release|Any CPU = Release|Any CPU
	EndGlobalSection
	GlobalSection(SolutionProperties) = preSolution
		HideSolutionNode = FALSE
	EndGlobalSection
	GlobalSection(ProjectConfigurationPlatforms) = postSolution
		{5C49506B-E8A2-4CA7-9555-DA831F5E37C2}.Debug|Any CPU.ActiveCfg = Debug|Any CPU
		{5C49506B-E8A2-4CA7-9555-DA831F5E37C2}.Debug|Any CPU.Build.0 = Debug|Any CPU
		{5C49506B-E8A2-4CA7-9555-DA831F5E37C2}.Release|Any CPU.ActiveCfg = Release|Any CPU
		{5C49506B-E8A2-4CA7-9555-DA831F5E37C2}.Release|Any CPU.Build.0 = Release|Any CPU
		{908B02DC-CC07-430E-8701-93E27FC8CC9F}.Debug|Any CPU.ActiveCfg = Debug|Any CPU
		{908B02DC-CC07-430E-8701-93E27FC8CC9F}.Debug|Any CPU.Build.0 = Debug|Any CPU
		{908B02DC-CC07-430E-8701-93E27FC8CC9F}.Release|Any CPU.ActiveCfg = Release|Any CPU
		{908B02DC-CC07-430E-8701-93E27FC8CC9F}.Release|Any CPU.Build.0 = Release|Any CPU
		{86388689-3BBD-4D5F-9629-81BE1B1B8DF7}.Debug|Any CPU.ActiveCfg = Debug|Any CPU
		{86388689-3BBD-4D5F-9629-81BE1B1B8DF7}.Debug|Any CPU.Build.0 = Debug|Any CPU
		{86388689-3BBD-4D5F-9629-81BE1B1B8DF7}.Release|Any CPU.ActiveCfg = Release|Any CPU
		{86388689-3BBD-4D5F-9629-81BE1B1B8DF7}.Release|Any CPU.Build.0 = Release|Any CPU
		{642BADDD-1D6D-4242-B328-BDF5976BFC91}.Debug|Any CPU.ActiveCfg = Debug|Any CPU
		{642BADDD-1D6D-4242-B328-BDF5976BFC91}.Debug|Any CPU.Build.0 = Debug|Any CPU
		{642BADDD-1D6D-4242-B328-BDF5976BFC91}.Release|Any CPU.ActiveCfg = Release|Any CPU
		{642BADDD-1D6D-4242-B328-BDF5976BFC91}.Release|Any CPU.Build.0 = Release|Any CPU
	EndGlobalSection
EndGlobal
